// !$*UTF8*$!
{
	archiveVersion = 1;
	classes = {
	};
	objectVersion = 46;
	objects = {

/* Begin PBXBuildFile section */
		EC1E12A520129D4B0036130D /* DemoCell.m in Sources */ = {isa = PBXBuildFile; fileRef = EC1E12A420129D4B0036130D /* DemoCell.m */; };
		EC8D866D23F2CF9F008B7A7A /* MCoreData.framework in Frameworks */ = {isa = PBXBuildFile; fileRef = EC8D866A23F2CF8D008B7A7A /* MCoreData.framework */; };
		EC8D866E23F2CF9F008B7A7A /* MCoreData.framework in Embed Frameworks */ = {isa = PBXBuildFile; fileRef = EC8D866A23F2CF8D008B7A7A /* MCoreData.framework */; settings = {ATTRIBUTES = (CodeSignOnCopy, RemoveHeadersOnCopy, ); }; };
		EC8D866F23F2CF9F008B7A7A /* MHFoundation.framework in Frameworks */ = {isa = PBXBuildFile; fileRef = EC8D865823F2CF85008B7A7A /* MHFoundation.framework */; };
		EC8D867023F2CF9F008B7A7A /* MHFoundation.framework in Embed Frameworks */ = {isa = PBXBuildFile; fileRef = EC8D865823F2CF85008B7A7A /* MHFoundation.framework */; settings = {ATTRIBUTES = (CodeSignOnCopy, RemoveHeadersOnCopy, ); }; };
		EC8D867123F2CF9F008B7A7A /* MUIKit.framework in Frameworks */ = {isa = PBXBuildFile; fileRef = EC8D866123F2CF87008B7A7A /* MUIKit.framework */; };
		EC8D867223F2CF9F008B7A7A /* MUIKit.framework in Embed Frameworks */ = {isa = PBXBuildFile; fileRef = EC8D866123F2CF87008B7A7A /* MUIKit.framework */; settings = {ATTRIBUTES = (CodeSignOnCopy, RemoveHeadersOnCopy, ); }; };
		ECAE23521D908A5F00806031 /* main.m in Sources */ = {isa = PBXBuildFile; fileRef = ECAE23511D908A5F00806031 /* main.m */; };
		ECAE23551D908A5F00806031 /* AppDelegate.m in Sources */ = {isa = PBXBuildFile; fileRef = ECAE23541D908A5F00806031 /* AppDelegate.m */; };
		ECAE23581D908A5F00806031 /* MasterViewController.m in Sources */ = {isa = PBXBuildFile; fileRef = ECAE23571D908A5F00806031 /* MasterViewController.m */; };
		ECAE235B1D908A5F00806031 /* DetailViewController.m in Sources */ = {isa = PBXBuildFile; fileRef = ECAE235A1D908A5F00806031 /* DetailViewController.m */; };
		ECAE235E1D908A5F00806031 /* Main.storyboard in Resources */ = {isa = PBXBuildFile; fileRef = ECAE235C1D908A5F00806031 /* Main.storyboard */; };
		ECAE23601D908A5F00806031 /* Assets.xcassets in Resources */ = {isa = PBXBuildFile; fileRef = ECAE235F1D908A5F00806031 /* Assets.xcassets */; };
		ECAE23631D908A5F00806031 /* LaunchScreen.storyboard in Resources */ = {isa = PBXBuildFile; fileRef = ECAE23611D908A5F00806031 /* LaunchScreen.storyboard */; };
/* End PBXBuildFile section */

/* Begin PBXContainerItemProxy section */
		EC8D865723F2CF85008B7A7A /* PBXContainerItemProxy */ = {
			isa = PBXContainerItemProxy;
			containerPortal = EC8D865223F2CF85008B7A7A /* MHFoundation.xcodeproj */;
			proxyType = 2;
			remoteGlobalIDString = EC31444D1D073A1A0025F669;
			remoteInfo = MHFoundation;
		};
		EC8D865923F2CF85008B7A7A /* PBXContainerItemProxy */ = {
			isa = PBXContainerItemProxy;
			containerPortal = EC8D865223F2CF85008B7A7A /* MHFoundation.xcodeproj */;
			proxyType = 2;
			remoteGlobalIDString = EC3144571D073A1A0025F669;
			remoteInfo = MHFoundationTests;
		};
		EC8D866023F2CF87008B7A7A /* PBXContainerItemProxy */ = {
			isa = PBXContainerItemProxy;
			containerPortal = EC8D865B23F2CF87008B7A7A /* MUIKit.xcodeproj */;
			proxyType = 2;
			remoteGlobalIDString = EC3145261D0740C70025F669;
			remoteInfo = MUIKit;
		};
		EC8D866223F2CF87008B7A7A /* PBXContainerItemProxy */ = {
			isa = PBXContainerItemProxy;
			containerPortal = EC8D865B23F2CF87008B7A7A /* MUIKit.xcodeproj */;
			proxyType = 2;
			remoteGlobalIDString = EC3145301D0740C80025F669;
			remoteInfo = MUIKitTests;
		};
		EC8D866923F2CF8D008B7A7A /* PBXContainerItemProxy */ = {
			isa = PBXContainerItemProxy;
			containerPortal = EC8D866423F2CF8D008B7A7A /* MCoreData.xcodeproj */;
			proxyType = 2;
			remoteGlobalIDString = EC3144DA1D073E010025F669;
			remoteInfo = MCoreData;
		};
		EC8D866B23F2CF8D008B7A7A /* PBXContainerItemProxy */ = {
			isa = PBXContainerItemProxy;
			containerPortal = EC8D866423F2CF8D008B7A7A /* MCoreData.xcodeproj */;
			proxyType = 2;
			remoteGlobalIDString = EC3144E41D073E010025F669;
			remoteInfo = MCoreDataTests;
		};
		EC8D867323F2CFA8008B7A7A /* PBXContainerItemProxy */ = {
			isa = PBXContainerItemProxy;
			containerPortal = EC8D866423F2CF8D008B7A7A /* MCoreData.xcodeproj */;
			proxyType = 1;
			remoteGlobalIDString = EC3144D91D073E010025F669;
			remoteInfo = MCoreData;
		};
		EC8D867523F2CFA8008B7A7A /* PBXContainerItemProxy */ = {
			isa = PBXContainerItemProxy;
			containerPortal = EC8D865223F2CF85008B7A7A /* MHFoundation.xcodeproj */;
			proxyType = 1;
			remoteGlobalIDString = EC31444C1D073A1A0025F669;
			remoteInfo = MHFoundation;
		};
		EC8D867723F2CFA8008B7A7A /* PBXContainerItemProxy */ = {
			isa = PBXContainerItemProxy;
			containerPortal = EC8D865B23F2CF87008B7A7A /* MUIKit.xcodeproj */;
			proxyType = 1;
			remoteGlobalIDString = EC3145251D0740C70025F669;
			remoteInfo = MUIKit;
		};
/* End PBXContainerItemProxy section */

/* Begin PBXCopyFilesBuildPhase section */
		ECAE238A1D908AF800806031 /* Embed Frameworks */ = {
			isa = PBXCopyFilesBuildPhase;
			buildActionMask = 2147483647;
			dstPath = "";
			dstSubfolderSpec = 10;
			files = (
				EC8D867223F2CF9F008B7A7A /* MUIKit.framework in Embed Frameworks */,
				EC8D867023F2CF9F008B7A7A /* MHFoundation.framework in Embed Frameworks */,
				EC8D866E23F2CF9F008B7A7A /* MCoreData.framework in Embed Frameworks */,
			);
			name = "Embed Frameworks";
			runOnlyForDeploymentPostprocessing = 0;
		};
/* End PBXCopyFilesBuildPhase section */

/* Begin PBXFileReference section */
		EC1E12A320129D4B0036130D /* DemoCell.h */ = {isa = PBXFileReference; lastKnownFileType = sourcecode.c.h; path = DemoCell.h; sourceTree = "<group>"; };
		EC1E12A420129D4B0036130D /* DemoCell.m */ = {isa = PBXFileReference; lastKnownFileType = sourcecode.c.objc; path = DemoCell.m; sourceTree = "<group>"; };
		EC8D865223F2CF85008B7A7A /* MHFoundation.xcodeproj */ = {isa = PBXFileReference; lastKnownFileType = "wrapper.pb-project"; name = MHFoundation.xcodeproj; path = MHFrameworks/MHFoundation/MHFoundation.xcodeproj; sourceTree = "<group>"; };
		EC8D865B23F2CF87008B7A7A /* MUIKit.xcodeproj */ = {isa = PBXFileReference; lastKnownFileType = "wrapper.pb-project"; name = MUIKit.xcodeproj; path = MHFrameworks/MUIKit/MUIKit.xcodeproj; sourceTree = "<group>"; };
		EC8D866423F2CF8D008B7A7A /* MCoreData.xcodeproj */ = {isa = PBXFileReference; lastKnownFileType = "wrapper.pb-project"; name = MCoreData.xcodeproj; path = MHFrameworks/MCoreData/MCoreData.xcodeproj; sourceTree = "<group>"; };
		ECAE234D1D908A5F00806031 /* MUIDemo.app */ = {isa = PBXFileReference; explicitFileType = wrapper.application; includeInIndex = 0; path = MUIDemo.app; sourceTree = BUILT_PRODUCTS_DIR; };
		ECAE23511D908A5F00806031 /* main.m */ = {isa = PBXFileReference; lastKnownFileType = sourcecode.c.objc; path = main.m; sourceTree = "<group>"; };
		ECAE23531D908A5F00806031 /* AppDelegate.h */ = {isa = PBXFileReference; lastKnownFileType = sourcecode.c.h; path = AppDelegate.h; sourceTree = "<group>"; };
		ECAE23541D908A5F00806031 /* AppDelegate.m */ = {isa = PBXFileReference; lastKnownFileType = sourcecode.c.objc; path = AppDelegate.m; sourceTree = "<group>"; };
		ECAE23561D908A5F00806031 /* MasterViewController.h */ = {isa = PBXFileReference; lastKnownFileType = sourcecode.c.h; path = MasterViewController.h; sourceTree = "<group>"; };
		ECAE23571D908A5F00806031 /* MasterViewController.m */ = {isa = PBXFileReference; lastKnownFileType = sourcecode.c.objc; path = MasterViewController.m; sourceTree = "<group>"; };
		ECAE23591D908A5F00806031 /* DetailViewController.h */ = {isa = PBXFileReference; lastKnownFileType = sourcecode.c.h; path = DetailViewController.h; sourceTree = "<group>"; };
		ECAE235A1D908A5F00806031 /* DetailViewController.m */ = {isa = PBXFileReference; lastKnownFileType = sourcecode.c.objc; path = DetailViewController.m; sourceTree = "<group>"; };
		ECAE235D1D908A5F00806031 /* Base */ = {isa = PBXFileReference; lastKnownFileType = file.storyboard; name = Base; path = Base.lproj/Main.storyboard; sourceTree = "<group>"; };
		ECAE235F1D908A5F00806031 /* Assets.xcassets */ = {isa = PBXFileReference; lastKnownFileType = folder.assetcatalog; path = Assets.xcassets; sourceTree = "<group>"; };
		ECAE23621D908A5F00806031 /* Base */ = {isa = PBXFileReference; lastKnownFileType = file.storyboard; name = Base; path = Base.lproj/LaunchScreen.storyboard; sourceTree = "<group>"; };
		ECAE23641D908A5F00806031 /* Info.plist */ = {isa = PBXFileReference; lastKnownFileType = text.plist.xml; path = Info.plist; sourceTree = "<group>"; };
/* End PBXFileReference section */

/* Begin PBXFrameworksBuildPhase section */
		ECAE234A1D908A5F00806031 /* Frameworks */ = {
			isa = PBXFrameworksBuildPhase;
			buildActionMask = 2147483647;
			files = (
				EC8D867123F2CF9F008B7A7A /* MUIKit.framework in Frameworks */,
				EC8D866F23F2CF9F008B7A7A /* MHFoundation.framework in Frameworks */,
				EC8D866D23F2CF9F008B7A7A /* MCoreData.framework in Frameworks */,
			);
			runOnlyForDeploymentPostprocessing = 0;
		};
/* End PBXFrameworksBuildPhase section */

/* Begin PBXGroup section */
		EC8D865323F2CF85008B7A7A /* Products */ = {
			isa = PBXGroup;
			children = (
				EC8D865823F2CF85008B7A7A /* MHFoundation.framework */,
				EC8D865A23F2CF85008B7A7A /* MHFoundationTests.xctest */,
			);
			name = Products;
			sourceTree = "<group>";
		};
		EC8D865C23F2CF87008B7A7A /* Products */ = {
			isa = PBXGroup;
			children = (
				EC8D866123F2CF87008B7A7A /* MUIKit.framework */,
				EC8D866323F2CF87008B7A7A /* MUIKitTests.xctest */,
			);
			name = Products;
			sourceTree = "<group>";
		};
		EC8D866523F2CF8D008B7A7A /* Products */ = {
			isa = PBXGroup;
			children = (
				EC8D866A23F2CF8D008B7A7A /* MCoreData.framework */,
				EC8D866C23F2CF8D008B7A7A /* MCoreDataTests.xctest */,
			);
			name = Products;
			sourceTree = "<group>";
		};
		ECAE23441D908A5F00806031 = {
			isa = PBXGroup;
			children = (
				ECAE234F1D908A5F00806031 /* MUIDemo */,
				ECAE234E1D908A5F00806031 /* Products */,
				ECAE23741D908AA100806031 /* Frameworks */,
			);
			sourceTree = "<group>";
		};
		ECAE234E1D908A5F00806031 /* Products */ = {
			isa = PBXGroup;
			children = (
				ECAE234D1D908A5F00806031 /* MUIDemo.app */,
			);
			name = Products;
			sourceTree = "<group>";
		};
		ECAE234F1D908A5F00806031 /* MUIDemo */ = {
			isa = PBXGroup;
			children = (
				ECAE23531D908A5F00806031 /* AppDelegate.h */,
				ECAE23541D908A5F00806031 /* AppDelegate.m */,
				ECAE23561D908A5F00806031 /* MasterViewController.h */,
				ECAE23571D908A5F00806031 /* MasterViewController.m */,
				ECAE23591D908A5F00806031 /* DetailViewController.h */,
				ECAE235A1D908A5F00806031 /* DetailViewController.m */,
				ECAE235C1D908A5F00806031 /* Main.storyboard */,
				ECAE235F1D908A5F00806031 /* Assets.xcassets */,
				ECAE23611D908A5F00806031 /* LaunchScreen.storyboard */,
				ECAE23641D908A5F00806031 /* Info.plist */,
				ECAE23501D908A5F00806031 /* Supporting Files */,
				EC1E12A320129D4B0036130D /* DemoCell.h */,
				EC1E12A420129D4B0036130D /* DemoCell.m */,
			);
			path = MUIDemo;
			sourceTree = "<group>";
		};
		ECAE23501D908A5F00806031 /* Supporting Files */ = {
			isa = PBXGroup;
			children = (
				ECAE23511D908A5F00806031 /* main.m */,
			);
			name = "Supporting Files";
			sourceTree = "<group>";
		};
		ECAE23741D908AA100806031 /* Frameworks */ = {
			isa = PBXGroup;
			children = (
				EC8D866423F2CF8D008B7A7A /* MCoreData.xcodeproj */,
				EC8D865B23F2CF87008B7A7A /* MUIKit.xcodeproj */,
				EC8D865223F2CF85008B7A7A /* MHFoundation.xcodeproj */,
			);
			name = Frameworks;
			sourceTree = "<group>";
		};
/* End PBXGroup section */

/* Begin PBXNativeTarget section */
		ECAE234C1D908A5F00806031 /* MUIDemo */ = {
			isa = PBXNativeTarget;
			buildConfigurationList = ECAE23671D908A5F00806031 /* Build configuration list for PBXNativeTarget "MUIDemo" */;
			buildPhases = (
				ECAE23491D908A5F00806031 /* Sources */,
				ECAE234A1D908A5F00806031 /* Frameworks */,
				ECAE234B1D908A5F00806031 /* Resources */,
				ECAE238A1D908AF800806031 /* Embed Frameworks */,
			);
			buildRules = (
			);
			dependencies = (
				EC8D867423F2CFA8008B7A7A /* PBXTargetDependency */,
				EC8D867623F2CFA8008B7A7A /* PBXTargetDependency */,
				EC8D867823F2CFA8008B7A7A /* PBXTargetDependency */,
			);
			name = MUIDemo;
			productName = MHUDemo;
			productReference = ECAE234D1D908A5F00806031 /* MUIDemo.app */;
			productType = "com.apple.product-type.application";
		};
/* End PBXNativeTarget section */

/* Begin PBXProject section */
		ECAE23451D908A5F00806031 /* Project object */ = {
			isa = PBXProject;
			attributes = {
				LastUpgradeCheck = 0940;
				ORGANIZATIONNAME = "Malcolm Hall";
				TargetAttributes = {
					ECAE234C1D908A5F00806031 = {
						CreatedOnToolsVersion = 7.3;
					};
				};
			};
			buildConfigurationList = ECAE23481D908A5F00806031 /* Build configuration list for PBXProject "MUIDemo" */;
			compatibilityVersion = "Xcode 3.2";
			developmentRegion = English;
			hasScannedForEncodings = 0;
			knownRegions = (
				English,
				en,
				Base,
			);
			mainGroup = ECAE23441D908A5F00806031;
			productRefGroup = ECAE234E1D908A5F00806031 /* Products */;
			projectDirPath = "";
			projectReferences = (
				{
					ProductGroup = EC8D866523F2CF8D008B7A7A /* Products */;
					ProjectRef = EC8D866423F2CF8D008B7A7A /* MCoreData.xcodeproj */;
				},
				{
					ProductGroup = EC8D865323F2CF85008B7A7A /* Products */;
					ProjectRef = EC8D865223F2CF85008B7A7A /* MHFoundation.xcodeproj */;
				},
				{
					ProductGroup = EC8D865C23F2CF87008B7A7A /* Products */;
					ProjectRef = EC8D865B23F2CF87008B7A7A /* MUIKit.xcodeproj */;
				},
			);
			projectRoot = "";
			targets = (
				ECAE234C1D908A5F00806031 /* MUIDemo */,
			);
		};
/* End PBXProject section */

/* Begin PBXReferenceProxy section */
		EC8D865823F2CF85008B7A7A /* MHFoundation.framework */ = {
			isa = PBXReferenceProxy;
			fileType = wrapper.framework;
			path = MHFoundation.framework;
			remoteRef = EC8D865723F2CF85008B7A7A /* PBXContainerItemProxy */;
			sourceTree = BUILT_PRODUCTS_DIR;
		};
		EC8D865A23F2CF85008B7A7A /* MHFoundationTests.xctest */ = {
			isa = PBXReferenceProxy;
			fileType = wrapper.cfbundle;
			path = MHFoundationTests.xctest;
			remoteRef = EC8D865923F2CF85008B7A7A /* PBXContainerItemProxy */;
			sourceTree = BUILT_PRODUCTS_DIR;
		};
		EC8D866123F2CF87008B7A7A /* MUIKit.framework */ = {
			isa = PBXReferenceProxy;
			fileType = wrapper.framework;
			path = MUIKit.framework;
			remoteRef = EC8D866023F2CF87008B7A7A /* PBXContainerItemProxy */;
			sourceTree = BUILT_PRODUCTS_DIR;
		};
		EC8D866323F2CF87008B7A7A /* MUIKitTests.xctest */ = {
			isa = PBXReferenceProxy;
			fileType = wrapper.cfbundle;
			path = MUIKitTests.xctest;
			remoteRef = EC8D866223F2CF87008B7A7A /* PBXContainerItemProxy */;
			sourceTree = BUILT_PRODUCTS_DIR;
		};
		EC8D866A23F2CF8D008B7A7A /* MCoreData.framework */ = {
			isa = PBXReferenceProxy;
			fileType = wrapper.framework;
			path = MCoreData.framework;
			remoteRef = EC8D866923F2CF8D008B7A7A /* PBXContainerItemProxy */;
			sourceTree = BUILT_PRODUCTS_DIR;
		};
		EC8D866C23F2CF8D008B7A7A /* MCoreDataTests.xctest */ = {
			isa = PBXReferenceProxy;
			fileType = wrapper.cfbundle;
			path = MCoreDataTests.xctest;
			remoteRef = EC8D866B23F2CF8D008B7A7A /* PBXContainerItemProxy */;
			sourceTree = BUILT_PRODUCTS_DIR;
		};
/* End PBXReferenceProxy section */

/* Begin PBXResourcesBuildPhase section */
		ECAE234B1D908A5F00806031 /* Resources */ = {
			isa = PBXResourcesBuildPhase;
			buildActionMask = 2147483647;
			files = (
				ECAE23631D908A5F00806031 /* LaunchScreen.storyboard in Resources */,
				ECAE23601D908A5F00806031 /* Assets.xcassets in Resources */,
				ECAE235E1D908A5F00806031 /* Main.storyboard in Resources */,
			);
			runOnlyForDeploymentPostprocessing = 0;
		};
/* End PBXResourcesBuildPhase section */

/* Begin PBXSourcesBuildPhase section */
		ECAE23491D908A5F00806031 /* Sources */ = {
			isa = PBXSourcesBuildPhase;
			buildActionMask = 2147483647;
			files = (
				ECAE23551D908A5F00806031 /* AppDelegate.m in Sources */,
				EC1E12A520129D4B0036130D /* DemoCell.m in Sources */,
				ECAE23581D908A5F00806031 /* MasterViewController.m in Sources */,
				ECAE23521D908A5F00806031 /* main.m in Sources */,
				ECAE235B1D908A5F00806031 /* DetailViewController.m in Sources */,
			);
			runOnlyForDeploymentPostprocessing = 0;
		};
/* End PBXSourcesBuildPhase section */

/* Begin PBXTargetDependency section */
		EC8D867423F2CFA8008B7A7A /* PBXTargetDependency */ = {
			isa = PBXTargetDependency;
			name = MCoreData;
			targetProxy = EC8D867323F2CFA8008B7A7A /* PBXContainerItemProxy */;
		};
		EC8D867623F2CFA8008B7A7A /* PBXTargetDependency */ = {
			isa = PBXTargetDependency;
			name = MHFoundation;
			targetProxy = EC8D867523F2CFA8008B7A7A /* PBXContainerItemProxy */;
		};
		EC8D867823F2CFA8008B7A7A /* PBXTargetDependency */ = {
			isa = PBXTargetDependency;
			name = MUIKit;
			targetProxy = EC8D867723F2CFA8008B7A7A /* PBXContainerItemProxy */;
		};
/* End PBXTargetDependency section */

/* Begin PBXVariantGroup section */
		ECAE235C1D908A5F00806031 /* Main.storyboard */ = {
			isa = PBXVariantGroup;
			children = (
				ECAE235D1D908A5F00806031 /* Base */,
			);
			name = Main.storyboard;
			sourceTree = "<group>";
		};
		ECAE23611D908A5F00806031 /* LaunchScreen.storyboard */ = {
			isa = PBXVariantGroup;
			children = (
				ECAE23621D908A5F00806031 /* Base */,
			);
			name = LaunchScreen.storyboard;
			sourceTree = "<group>";
		};
/* End PBXVariantGroup section */

/* Begin XCBuildConfiguration section */
		ECAE23651D908A5F00806031 /* Debug */ = {
			isa = XCBuildConfiguration;
			buildSettings = {
				ALWAYS_SEARCH_USER_PATHS = NO;
				CLANG_ANALYZER_NONNULL = YES;
				CLANG_CXX_LANGUAGE_STANDARD = "gnu++0x";
				CLANG_CXX_LIBRARY = "libc++";
				CLANG_ENABLE_MODULES = YES;
				CLANG_ENABLE_OBJC_ARC = YES;
				CLANG_WARN_BLOCK_CAPTURE_AUTORELEASING = YES;
				CLANG_WARN_BOOL_CONVERSION = YES;
				CLANG_WARN_COMMA = YES;
				CLANG_WARN_CONSTANT_CONVERSION = YES;
				CLANG_WARN_DEPRECATED_OBJC_IMPLEMENTATIONS = YES;
				CLANG_WARN_DIRECT_OBJC_ISA_USAGE = YES_ERROR;
				CLANG_WARN_EMPTY_BODY = YES;
				CLANG_WARN_ENUM_CONVERSION = YES;
				CLANG_WARN_INFINITE_RECURSION = YES;
				CLANG_WARN_INT_CONVERSION = YES;
				CLANG_WARN_NON_LITERAL_NULL_CONVERSION = YES;
				CLANG_WARN_OBJC_IMPLICIT_RETAIN_SELF = YES;
				CLANG_WARN_OBJC_LITERAL_CONVERSION = YES;
				CLANG_WARN_OBJC_ROOT_CLASS = YES_ERROR;
				CLANG_WARN_RANGE_LOOP_ANALYSIS = YES;
				CLANG_WARN_STRICT_PROTOTYPES = YES;
				CLANG_WARN_SUSPICIOUS_MOVE = YES;
				CLANG_WARN_UNREACHABLE_CODE = YES;
				CLANG_WARN__DUPLICATE_METHOD_MATCH = YES;
				"CODE_SIGN_IDENTITY[sdk=iphoneos*]" = "iPhone Developer";
				COPY_PHASE_STRIP = NO;
				DEBUG_INFORMATION_FORMAT = dwarf;
				ENABLE_STRICT_OBJC_MSGSEND = YES;
				ENABLE_TESTABILITY = YES;
				GCC_C_LANGUAGE_STANDARD = gnu99;
				GCC_DYNAMIC_NO_PIC = NO;
				GCC_NO_COMMON_BLOCKS = YES;
				GCC_OPTIMIZATION_LEVEL = 0;
				GCC_PREPROCESSOR_DEFINITIONS = (
					"DEBUG=1",
					"$(inherited)",
				);
				GCC_WARN_64_TO_32_BIT_CONVERSION = YES;
				GCC_WARN_ABOUT_RETURN_TYPE = YES_ERROR;
				GCC_WARN_UNDECLARED_SELECTOR = YES;
				GCC_WARN_UNINITIALIZED_AUTOS = YES_AGGRESSIVE;
				GCC_WARN_UNUSED_FUNCTION = YES;
				GCC_WARN_UNUSED_VARIABLE = YES;
				MTL_ENABLE_DEBUG_INFO = YES;
				ONLY_ACTIVE_ARCH = YES;
				SDKROOT = iphoneos;
			};
			name = Debug;
		};
		ECAE23661D908A5F00806031 /* Release */ = {
			isa = XCBuildConfiguration;
			buildSettings = {
				ALWAYS_SEARCH_USER_PATHS = NO;
				CLANG_ANALYZER_NONNULL = YES;
				CLANG_CXX_LANGUAGE_STANDARD = "gnu++0x";
				CLANG_CXX_LIBRARY = "libc++";
				CLANG_ENABLE_MODULES = YES;
				CLANG_ENABLE_OBJC_ARC = YES;
				CLANG_WARN_BLOCK_CAPTURE_AUTORELEASING = YES;
				CLANG_WARN_BOOL_CONVERSION = YES;
				CLANG_WARN_COMMA = YES;
				CLANG_WARN_CONSTANT_CONVERSION = YES;
				CLANG_WARN_DEPRECATED_OBJC_IMPLEMENTATIONS = YES;
				CLANG_WARN_DIRECT_OBJC_ISA_USAGE = YES_ERROR;
				CLANG_WARN_EMPTY_BODY = YES;
				CLANG_WARN_ENUM_CONVERSION = YES;
				CLANG_WARN_INFINITE_RECURSION = YES;
				CLANG_WARN_INT_CONVERSION = YES;
				CLANG_WARN_NON_LITERAL_NULL_CONVERSION = YES;
				CLANG_WARN_OBJC_IMPLICIT_RETAIN_SELF = YES;
				CLANG_WARN_OBJC_LITERAL_CONVERSION = YES;
				CLANG_WARN_OBJC_ROOT_CLASS = YES_ERROR;
				CLANG_WARN_RANGE_LOOP_ANALYSIS = YES;
				CLANG_WARN_STRICT_PROTOTYPES = YES;
				CLANG_WARN_SUSPICIOUS_MOVE = YES;
				CLANG_WARN_UNREACHABLE_CODE = YES;
				CLANG_WARN__DUPLICATE_METHOD_MATCH = YES;
				"CODE_SIGN_IDENTITY[sdk=iphoneos*]" = "iPhone Developer";
				COPY_PHASE_STRIP = NO;
				DEBUG_INFORMATION_FORMAT = "dwarf-with-dsym";
				ENABLE_NS_ASSERTIONS = NO;
				ENABLE_STRICT_OBJC_MSGSEND = YES;
				GCC_C_LANGUAGE_STANDARD = gnu99;
				GCC_NO_COMMON_BLOCKS = YES;
				GCC_WARN_64_TO_32_BIT_CONVERSION = YES;
				GCC_WARN_ABOUT_RETURN_TYPE = YES_ERROR;
				GCC_WARN_UNDECLARED_SELECTOR = YES;
				GCC_WARN_UNINITIALIZED_AUTOS = YES_AGGRESSIVE;
				GCC_WARN_UNUSED_FUNCTION = YES;
				GCC_WARN_UNUSED_VARIABLE = YES;
				MTL_ENABLE_DEBUG_INFO = NO;
				SDKROOT = iphoneos;
				VALIDATE_PRODUCT = YES;
			};
			name = Release;
		};
		ECAE23681D908A5F00806031 /* Debug */ = {
			isa = XCBuildConfiguration;
			buildSettings = {
				ASSETCATALOG_COMPILER_APPICON_NAME = AppIcon;
				INFOPLIST_FILE = MUIDemo/Info.plist;
				LD_RUNPATH_SEARCH_PATHS = "$(inherited) @executable_path/Frameworks";
				PRODUCT_BUNDLE_IDENTIFIER = com.malhal.MUIDemo;
				PRODUCT_NAME = "$(TARGET_NAME)";
				TARGETED_DEVICE_FAMILY = "1,2";
			};
			name = Debug;
		};
		ECAE23691D908A5F00806031 /* Release */ = {
			isa = XCBuildConfiguration;
			buildSettings = {
				ASSETCATALOG_COMPILER_APPICON_NAME = AppIcon;
				INFOPLIST_FILE = MUIDemo/Info.plist;
				LD_RUNPATH_SEARCH_PATHS = "$(inherited) @executable_path/Frameworks";
				PRODUCT_BUNDLE_IDENTIFIER = com.malhal.MUIDemo;
				PRODUCT_NAME = "$(TARGET_NAME)";
				TARGETED_DEVICE_FAMILY = "1,2";
			};
			name = Release;
		};
/* End XCBuildConfiguration section */

/* Begin XCConfigurationList section */
		ECAE23481D908A5F00806031 /* Build configuration list for PBXProject "MUIDemo" */ = {
			isa = XCConfigurationList;
			buildConfigurations = (
				ECAE23651D908A5F00806031 /* Debug */,
				ECAE23661D908A5F00806031 /* Release */,
			);
			defaultConfigurationIsVisible = 0;
			defaultConfigurationName = Release;
		};
		ECAE23671D908A5F00806031 /* Build configuration list for PBXNativeTarget "MUIDemo" */ = {
			isa = XCConfigurationList;
			buildConfigurations = (
				ECAE23681D908A5F00806031 /* Debug */,
				ECAE23691D908A5F00806031 /* Release */,
			);
			defaultConfigurationIsVisible = 0;
			defaultConfigurationName = Release;
		};
/* End XCConfigurationList section */
	};
	rootObject = ECAE23451D908A5F00806031 /* Project object */;
}
